github.com/Unknwon/goconfig v1.0.0 h1:9IAu/BYbSLQi8puFjUQApZTxIHqSwrj5d8vpP8vTq4A=
github.com/Unknwon/goconfig v1.0.0/go.mod h1:wngxua9XCNjvHjDiTiV26DaKDT+0c63QR6H5hjVUUxw=
github.com/alecthomas/log4go v0.0.0-20180109082532-d146e6b86faa h1:0zdYOLyuQ3TWIgWNgEH+LnmZNMmkO1ze3wriQt093Mk=
github.com/alecthomas/log4go v0.0.0-20180109082532-d146e6b86faa/go.mod h1:iCVmQ9g4TfaRX5m5jq5sXY7RXYWPv9/PynM/GocbG3w=
github.com/coreos/go-iptables v0.6.0 h1:is9qnZMPYjLd8LYqmm/qlE+wwEgJIkTYdhV3rfZo4jk=
github.com/coreos/go-iptables v0.6.0/go.mod h1:Qe8Bv2Xik5FyTXwgIbLAnv2sWSBmvWdFETJConOQ//Q=
github.com/gopherjs/gopherjs v1.17.2 h1:fQnZVsXk8uxXIStYb0N4bGk7jeyTalG/wsZjQ25dO0g=
github.com/jtolds/gls v4.20.0+incompatible h1:xdiiI2gbIgH/gLH7ADydsJ1uDOEzR8yvV7C0MuV77Wo=
github.com/smarty/assertions v1.15.0 h1:cR//PqUBUiQRakZWqBiFFQ9wb8emQGDb0HeGdqGByCY=
github.com/smartystreets/goconvey v1.8.1 h1:qGjIddxOk4grTu9JPOU31tVfq3cNdBlNa5sSznIX1xY=
github.com/smartystreets/goconvey v1.8.1/go.mod h1:+/u4qLyY6x1jReYOp7GOM2FSt8aP9CzCZL03bI28W60=
github.com/tatsushid/go-fastping v0.0.0-20160109021039-d7bb493dee3e h1:nt2877sKfojlHCTOBXbpWjBkuWKritFaGIfgQwbQUls=
github.com/tatsushid/go-fastping v0.0.0-20160109021039-d7bb493dee3e/go.mod h1:B4+Kq1u5FlULTjFSM707Q6e/cOHFv0z/6QRoxubDIQ8=
golang.org/x/net v0.12.0 h1:cfawfvKITfUsFCeJIHJrbSxpeu/E81khclypR0GVT50=
golang.org/x/net v0.12.0/go.mod h1:zEVYFnQC7m/vmpQFELhcD1EWkZlX69l4oqgmer6hfKA=
golang.org/x/sys v0.10.0 h1:SqMFp9UcQJZa+pmYuAKjd9xq1f0j5rLcDIk0mj4qAsA=
golang.org/x/sys v0.10.0/go.mod h1:oPkhp1MJrh7nUepCBck5+mAzfO9JrbApNNgaTdGDITg=
